
Microsoft Visual Studio Solution File, Format Version 12.00
# Visual Studio Version 17
VisualStudioVersion = 17.5.002.0
MinimumVisualStudioVersion = 10.0.40219.1
Project("{9A19103F-16F7-4668-BE54-9A1E7A4F7556}") = "Console App", "Console App.csproj", "{6958A5F8-4752-4606-92B0-91FA39D70FEB}"
EndProject
Project("{FAE04EC0-301F-11D3-BF4B-00C04F79EFBC}") = "HelloWorld", "HelloWorld\HelloWorld.csproj", "{E0FD52A0-21CC-4D6A-9B68-0A6353071497}"
EndProject
Project("{FAE04EC0-301F-11D3-BF4B-00C04F79EFBC}") = "ProgramArguments", "ProgramArguments\ProgramArguments.csproj", "{0AB6FD75-9F17-4811-96AD-9CB001B0AB93}"
EndProject
Global
	GlobalSection(SolutionConfigurationPlatforms) = preSolution
		Debug|Any CPU = Debug|Any CPU
		Release|Any CPU = Release|Any CPU
	EndGlobalSection
	GlobalSection(ProjectConfigurationPlatforms) = postSolution
		{6958A5F8-4752-4606-92B0-91FA39D70FEB}.Debug|Any CPU.ActiveCfg = Debug|Any CPU
		{6958A5F8-4752-4606-92B0-91FA39D70FEB}.Debug|Any CPU.Build.0 = Debug|Any CPU
		{6958A5F8-4752-4606-92B0-91FA39D70FEB}.Release|Any CPU.ActiveCfg = Release|Any CPU
		{6958A5F8-4752-4606-92B0-91FA39D70FEB}.Release|Any CPU.Build.0 = Release|Any CPU
		{E0FD52A0-21CC-4D6A-9B68-0A6353071497}.Debug|Any CPU.ActiveCfg = Debug|Any CPU
		{E0FD52A0-21CC-4D6A-9B68-0A6353071497}.Debug|Any CPU.Build.0 = Debug|Any CPU
		{E0FD52A0-21CC-4D6A-9B68-0A6353071497}.Release|Any CPU.ActiveCfg = Release|Any CPU
		{E0FD52A0-21CC-4D6A-9B68-0A6353071497}.Release|Any CPU.Build.0 = Release|Any CPU
		{0AB6FD75-9F17-4811-96AD-9CB001B0AB93}.Debug|Any CPU.ActiveCfg = Debug|Any CPU
		{0AB6FD75-9F17-4811-96AD-9CB001B0AB93}.Debug|Any CPU.Build.0 = Debug|Any CPU
		{0AB6FD75-9F17-4811-96AD-9CB001B0AB93}.Release|Any CPU.ActiveCfg = Release|Any CPU
		{0AB6FD75-9F17-4811-96AD-9CB001B0AB93}.Release|Any CPU.Build.0 = Release|Any CPU
	EndGlobalSection
	GlobalSection(SolutionProperties) = preSolution
		HideSolutionNode = FALSE
	EndGlobalSection
	GlobalSection(ExtensibilityGlobals) = postSolution
		SolutionGuid = {D8842374-4A93-447C-A8DF-6BD28B963058}
	EndGlobalSection
EndGlobal
